
Microsoft Visual Studio Solution File, Format Version 12.00
# Visual Studio Version 17
VisualStudioVersion = 17.14.36109.1
MinimumVisualStudioVersion = 10.0.40219.1
Project("{FAE04EC0-301F-11D3-BF4B-00C04F79EFBC}") = "WatchesApp.Web", "WatchesApp.Web\WatchesApp.Web.csproj", "{1E6C270C-6B02-4328-8979-31A6B49D3ECD}"
EndProject
Project("{FAE04EC0-301F-11D3-BF4B-00C04F79EFBC}") = "Domain", "Domain\Domain.csproj", "{54A0F992-CD42-4FBA-B31D-A2B972711086}"
EndProject
Project("{FAE04EC0-301F-11D3-BF4B-00C04F79EFBC}") = "Application", "Application\Application.csproj", "{89F5EC13-90E5-4400-9854-E98A9D6CEB90}"
EndProject
Project("{FAE04EC0-301F-11D3-BF4B-00C04F79EFBC}") = "Infrastructure", "Infrastructure\Infrastructure.csproj", "{7DB53E3D-2E22-42FA-9C19-482E9B5A82F9}"
EndProject
Project("{FAE04EC0-301F-11D3-BF4B-00C04F79EFBC}") = "WatchesApp.Terminal", "WatchesApp.Console\WatchesApp.Terminal.csproj", "{69BACB37-9B9F-4C19-A419-97C2BC472BCA}"
EndProject
Project("{FAE04EC0-301F-11D3-BF4B-00C04F79EFBC}") = "WatchesApp.Web.xUnitTests", "WatchesApp.Web.xUnitTests\WatchesApp.Web.xUnitTests.csproj", "{9FD2D42C-0A2A-4585-B931-6D1AC7547D36}"
EndProject
Project("{FAE04EC0-301F-11D3-BF4B-00C04F79EFBC}") = "WatchesApp.Application.xUnitTests", "WatchesApp.Application.xUnitTests\WatchesApp.Application.xUnitTests.csproj", "{2E6E884F-9949-42CC-B391-76D0F473B4FA}"
EndProject
Global
	GlobalSection(SolutionConfigurationPlatforms) = preSolution
		Debug|Any CPU = Debug|Any CPU
		Release|Any CPU = Release|Any CPU
	EndGlobalSection
	GlobalSection(ProjectConfigurationPlatforms) = postSolution
		{1E6C270C-6B02-4328-8979-31A6B49D3ECD}.Debug|Any CPU.ActiveCfg = Debug|Any CPU
		{1E6C270C-6B02-4328-8979-31A6B49D3ECD}.Debug|Any CPU.Build.0 = Debug|Any CPU
		{1E6C270C-6B02-4328-8979-31A6B49D3ECD}.Release|Any CPU.ActiveCfg = Release|Any CPU
		{1E6C270C-6B02-4328-8979-31A6B49D3ECD}.Release|Any CPU.Build.0 = Release|Any CPU
		{54A0F992-CD42-4FBA-B31D-A2B972711086}.Debug|Any CPU.ActiveCfg = Debug|Any CPU
		{54A0F992-CD42-4FBA-B31D-A2B972711086}.Debug|Any CPU.Build.0 = Debug|Any CPU
		{54A0F992-CD42-4FBA-B31D-A2B972711086}.Release|Any CPU.ActiveCfg = Release|Any CPU
		{54A0F992-CD42-4FBA-B31D-A2B972711086}.Release|Any CPU.Build.0 = Release|Any CPU
		{89F5EC13-90E5-4400-9854-E98A9D6CEB90}.Debug|Any CPU.ActiveCfg = Debug|Any CPU
		{89F5EC13-90E5-4400-9854-E98A9D6CEB90}.Debug|Any CPU.Build.0 = Debug|Any CPU
		{89F5EC13-90E5-4400-9854-E98A9D6CEB90}.Release|Any CPU.ActiveCfg = Release|Any CPU
		{89F5EC13-90E5-4400-9854-E98A9D6CEB90}.Release|Any CPU.Build.0 = Release|Any CPU
		{7DB53E3D-2E22-42FA-9C19-482E9B5A82F9}.Debug|Any CPU.ActiveCfg = Debug|Any CPU
		{7DB53E3D-2E22-42FA-9C19-482E9B5A82F9}.Debug|Any CPU.Build.0 = Debug|Any CPU
		{7DB53E3D-2E22-42FA-9C19-482E9B5A82F9}.Release|Any CPU.ActiveCfg = Release|Any CPU
		{7DB53E3D-2E22-42FA-9C19-482E9B5A82F9}.Release|Any CPU.Build.0 = Release|Any CPU
		{69BACB37-9B9F-4C19-A419-97C2BC472BCA}.Debug|Any CPU.ActiveCfg = Debug|Any CPU
		{69BACB37-9B9F-4C19-A419-97C2BC472BCA}.Debug|Any CPU.Build.0 = Debug|Any CPU
		{69BACB37-9B9F-4C19-A419-97C2BC472BCA}.Release|Any CPU.ActiveCfg = Release|Any CPU
		{69BACB37-9B9F-4C19-A419-97C2BC472BCA}.Release|Any CPU.Build.0 = Release|Any CPU
		{9FD2D42C-0A2A-4585-B931-6D1AC7547D36}.Debug|Any CPU.ActiveCfg = Debug|Any CPU
		{9FD2D42C-0A2A-4585-B931-6D1AC7547D36}.Debug|Any CPU.Build.0 = Debug|Any CPU
		{9FD2D42C-0A2A-4585-B931-6D1AC7547D36}.Release|Any CPU.ActiveCfg = Release|Any CPU
		{9FD2D42C-0A2A-4585-B931-6D1AC7547D36}.Release|Any CPU.Build.0 = Release|Any CPU
		{2E6E884F-9949-42CC-B391-76D0F473B4FA}.Debug|Any CPU.ActiveCfg = Debug|Any CPU
		{2E6E884F-9949-42CC-B391-76D0F473B4FA}.Debug|Any CPU.Build.0 = Debug|Any CPU
		{2E6E884F-9949-42CC-B391-76D0F473B4FA}.Release|Any CPU.ActiveCfg = Release|Any CPU
		{2E6E884F-9949-42CC-B391-76D0F473B4FA}.Release|Any CPU.Build.0 = Release|Any CPU
	EndGlobalSection
	GlobalSection(SolutionProperties) = preSolution
		HideSolutionNode = FALSE
	EndGlobalSection
	GlobalSection(ExtensibilityGlobals) = postSolution
		SolutionGuid = {78A0384F-30C0-44A5-8EC2-95C67F6795E2}
	EndGlobalSection
EndGlobal
